// !$*UTF8*$!
{
	archiveVersion = 1;
	classes = {
	};
	objectVersion = 50;
	objects = {

/* Begin PBXBuildFile section */
		C326BDF722AC89FF0034F145 /* AppDelegate.swift in Sources */ = {isa = PBXBuildFile; fileRef = C326BDF622AC89FF0034F145 /* AppDelegate.swift */; };
		C326BDF922AC89FF0034F145 /* ViewController.swift in Sources */ = {isa = PBXBuildFile; fileRef = C326BDF822AC89FF0034F145 /* ViewController.swift */; };
		C326BDFC22AC89FF0034F145 /* Main.storyboard in Resources */ = {isa = PBXBuildFile; fileRef = C326BDFA22AC89FF0034F145 /* Main.storyboard */; };
		C326BDFF22AC89FF0034F145 /* UDDER.xcdatamodeld in Sources */ = {isa = PBXBuildFile; fileRef = C326BDFD22AC89FF0034F145 /* UDDER.xcdatamodeld */; };
		C326BE0122AC8A020034F145 /* Assets.xcassets in Resources */ = {isa = PBXBuildFile; fileRef = C326BE0022AC8A020034F145 /* Assets.xcassets */; };
		C326BE0422AC8A020034F145 /* LaunchScreen.storyboard in Resources */ = {isa = PBXBuildFile; fileRef = C326BE0222AC8A020034F145 /* LaunchScreen.storyboard */; };
/* End PBXBuildFile section */

/* Begin PBXFileReference section */
		C326BDF322AC89FF0034F145 /* UDDER.app */ = {isa = PBXFileReference; explicitFileType = wrapper.application; includeInIndex = 0; path = UDDER.app; sourceTree = BUILT_PRODUCTS_DIR; };
		C326BDF622AC89FF0034F145 /* AppDelegate.swift */ = {isa = PBXFileReference; lastKnownFileType = sourcecode.swift; path = AppDelegate.swift; sourceTree = "<group>"; };
		C326BDF822AC89FF0034F145 /* ViewController.swift */ = {isa = PBXFileReference; lastKnownFileType = sourcecode.swift; path = ViewController.swift; sourceTree = "<group>"; };
		C326BDFB22AC89FF0034F145 /* Base */ = {isa = PBXFileReference; lastKnownFileType = file.storyboard; name = Base; path = Base.lproj/Main.storyboard; sourceTree = "<group>"; };
		C326BDFE22AC89FF0034F145 /* UDDER.xcdatamodel */ = {isa = PBXFileReference; lastKnownFileType = wrapper.xcdatamodel; path = UDDER.xcdatamodel; sourceTree = "<group>"; };
		C326BE0022AC8A020034F145 /* Assets.xcassets */ = {isa = PBXFileReference; lastKnownFileType = folder.assetcatalog; path = Assets.xcassets; sourceTree = "<group>"; };
		C326BE0322AC8A020034F145 /* Base */ = {isa = PBXFileReference; lastKnownFileType = file.storyboard; name = Base; path = Base.lproj/LaunchScreen.storyboard; sourceTree = "<group>"; };
		C326BE0522AC8A020034F145 /* Info.plist */ = {isa = PBXFileReference; lastKnownFileType = text.plist.xml; path = Info.plist; sourceTree = "<group>"; };
/* End PBXFileReference section */

/* Begin PBXFrameworksBuildPhase section */
		C326BDF022AC89FF0034F145 /* Frameworks */ = {
			isa = PBXFrameworksBuildPhase;
			buildActionMask = 2147483647;
			files = (
			);
			runOnlyForDeploymentPostprocessing = 0;
		};
/* End PBXFrameworksBuildPhase section */

/* Begin PBXGroup section */
		C326BDEA22AC89FF0034F145 = {
			isa = PBXGroup;
			children = (
				C326BDF522AC89FF0034F145 /* UDDER */,
				C326BDF422AC89FF0034F145 /* Products */,
			);
			sourceTree = "<group>";
		};
		C326BDF422AC89FF0034F145 /* Products */ = {
			isa = PBXGroup;
			children = (
				C326BDF322AC89FF0034F145 /* UDDER.app */,
			);
			name = Products;
			sourceTree = "<group>";
		};
		C326BDF522AC89FF0034F145 /* UDDER */ = {
			isa = PBXGroup;
			children = (
				C326BDF622AC89FF0034F145 /* AppDelegate.swift */,
				C326BDF822AC89FF0034F145 /* ViewController.swift */,
				C326BDFA22AC89FF0034F145 /* Main.storyboard */,
				C326BE0022AC8A020034F145 /* Assets.xcassets */,
				C326BE0222AC8A020034F145 /* LaunchScreen.storyboard */,
				C326BE0522AC8A020034F145 /* Info.plist */,
				C326BDFD22AC89FF0034F145 /* UDDER.xcdatamodeld */,
			);
			path = UDDER;
			sourceTree = "<group>";
		};
/* End PBXGroup section */

/* Begin PBXNativeTarget section */
		C326BDF222AC89FF0034F145 /* UDDER */ = {
			isa = PBXNativeTarget;
			buildConfigurationList = C326BE0822AC8A020034F145 /* Build configuration list for PBXNativeTarget "UDDER" */;
			buildPhases = (
				C326BDEF22AC89FF0034F145 /* Sources */,
				C326BDF022AC89FF0034F145 /* Frameworks */,
				C326BDF122AC89FF0034F145 /* Resources */,
			);
			buildRules = (
			);
			dependencies = (
			);
			name = UDDER;
			productName = UDDER;
			productReference = C326BDF322AC89FF0034F145 /* UDDER.app */;
			productType = "com.apple.product-type.application";
		};
/* End PBXNativeTarget section */

/* Begin PBXProject section */
		C326BDEB22AC89FF0034F145 /* Project object */ = {
			isa = PBXProject;
			attributes = {
				LastSwiftUpdateCheck = 1020;
				LastUpgradeCheck = 1020;
				ORGANIZATIONNAME = "Rivaldo Ieong";
				TargetAttributes = {
					C326BDF222AC89FF0034F145 = {
						CreatedOnToolsVersion = 10.2.1;
					};
				};
			};
			buildConfigurationList = C326BDEE22AC89FF0034F145 /* Build configuration list for PBXProject "UDDER" */;
			compatibilityVersion = "Xcode 9.3";
			developmentRegion = en;
			hasScannedForEncodings = 0;
			knownRegions = (
				en,
				Base,
			);
			mainGroup = C326BDEA22AC89FF0034F145;
			productRefGroup = C326BDF422AC89FF0034F145 /* Products */;
			projectDirPath = "";
			projectRoot = "";
			targets = (
				C326BDF222AC89FF0034F145 /* UDDER */,
			);
		};
/* End PBXProject section */

/* Begin PBXResourcesBuildPhase section */
		C326BDF122AC89FF0034F145 /* Resources */ = {
			isa = PBXResourcesBuildPhase;
			buildActionMask = 2147483647;
			files = (
				C326BE0422AC8A020034F145 /* LaunchScreen.storyboard in Resources */,
				C326BE0122AC8A020034F145 /* Assets.xcassets in Resources */,
				C326BDFC22AC89FF0034F145 /* Main.storyboard in Resources */,
			);
			runOnlyForDeploymentPostprocessing = 0;
		};
/* End PBXResourcesBuildPhase section */

/* Begin PBXSourcesBuildPhase section */
		C326BDEF22AC89FF0034F145 /* Sources */ = {
			isa = PBXSourcesBuildPhase;
			buildActionMask = 2147483647;
			files = (
				C326BDF922AC89FF0034F145 /* ViewController.swift in Sources */,
				C326BDFF22AC89FF0034F145 /* UDDER.xcdatamodeld in Sources */,
				C326BDF722AC89FF0034F145 /* AppDelegate.swift in Sources */,
			);
			runOnlyForDeploymentPostprocessing = 0;
		};
/* End PBXSourcesBuildPhase section */

/* Begin PBXVariantGroup section */
		C326BDFA22AC89FF0034F145 /* Main.storyboard */ = {
			isa = PBXVariantGroup;
			children = (
				C326BDFB22AC89FF0034F145 /* Base */,
			);
			name = Main.storyboard;
			sourceTree = "<group>";
		};
		C326BE0222AC8A020034F145 /* LaunchScreen.storyboard */ = {
			isa = PBXVariantGroup;
			children = (
				C326BE0322AC8A020034F145 /* Base */,
			);
			name = LaunchScreen.storyboard;
			sourceTree = "<group>";
		};
/* End PBXVariantGroup section */

/* Begin XCBuildConfiguration section */
		C326BE0622AC8A020034F145 /* Debug */ = {
			isa = XCBuildConfiguration;
			buildSettings = {
				ALWAYS_SEARCH_USER_PATHS = NO;
				CLANG_ANALYZER_NONNULL = YES;
				CLANG_ANALYZER_NUMBER_OBJECT_CONVERSION = YES_AGGRESSIVE;
				CLANG_CXX_LANGUAGE_STANDARD = "gnu++14";
				CLANG_CXX_LIBRARY = "libc++";
				CLANG_ENABLE_MODULES = YES;
				CLANG_ENABLE_OBJC_ARC = YES;
				CLANG_ENABLE_OBJC_WEAK = YES;
				CLANG_WARN_BLOCK_CAPTURE_AUTORELEASING = YES;
				CLANG_WARN_BOOL_CONVERSION = YES;
				CLANG_WARN_COMMA = YES;
				CLANG_WARN_CONSTANT_CONVERSION = YES;
				CLANG_WARN_DEPRECATED_OBJC_IMPLEMENTATIONS = YES;
				CLANG_WARN_DIRECT_OBJC_ISA_USAGE = YES_ERROR;
				CLANG_WARN_DOCUMENTATION_COMMENTS = YES;
				CLANG_WARN_EMPTY_BODY = YES;
				CLANG_WARN_ENUM_CONVERSION = YES;
				CLANG_WARN_INFINITE_RECURSION = YES;
				CLANG_WARN_INT_CONVERSION = YES;
				CLANG_WARN_NON_LITERAL_NULL_CONVERSION = YES;
				CLANG_WARN_OBJC_IMPLICIT_RETAIN_SELF = YES;
				CLANG_WARN_OBJC_LITERAL_CONVERSION = YES;
				CLANG_WARN_OBJC_ROOT_CLASS = YES_ERROR;
				CLANG_WARN_RANGE_LOOP_ANALYSIS = YES;
				CLANG_WARN_STRICT_PROTOTYPES = YES;
				CLANG_WARN_SUSPICIOUS_MOVE = YES;
				CLANG_WARN_UNGUARDED_AVAILABILITY = YES_AGGRESSIVE;
				CLANG_WARN_UNREACHABLE_CODE = YES;
				CLANG_WARN__DUPLICATE_METHOD_MATCH = YES;
				CODE_SIGN_IDENTITY = "iPhone Developer";
				COPY_PHASE_STRIP = NO;
				DEBUG_INFORMATION_FORMAT = dwarf;
				ENABLE_STRICT_OBJC_MSGSEND = YES;
				ENABLE_TESTABILITY = YES;
				GCC_C_LANGUAGE_STANDARD = gnu11;
				GCC_DYNAMIC_NO_PIC = NO;
				GCC_NO_COMMON_BLOCKS = YES;
				GCC_OPTIMIZATION_LEVEL = 0;
				GCC_PREPROCESSOR_DEFINITIONS = (
					"DEBUG=1",
					"$(inherited)",
				);
				GCC_WARN_64_TO_32_BIT_CONVERSION = YES;
				GCC_WARN_ABOUT_RETURN_TYPE = YES_ERROR;
				GCC_WARN_UNDECLARED_SELECTOR = YES;
				GCC_WARN_UNINITIALIZED_AUTOS = YES_AGGRESSIVE;
				GCC_WARN_UNUSED_FUNCTION = YES;
				GCC_WARN_UNUSED_VARIABLE = YES;
				IPHONEOS_DEPLOYMENT_TARGET = 12.2;
				MTL_ENABLE_DEBUG_INFO = INCLUDE_SOURCE;
				MTL_FAST_MATH = YES;
				ONLY_ACTIVE_ARCH = YES;
				SDKROOT = iphoneos;
				SWIFT_ACTIVE_COMPILATION_CONDITIONS = DEBUG;
				SWIFT_OPTIMIZATION_LEVEL = "-Onone";
			};
			name = Debug;
		};
		C326BE0722AC8A020034F145 /* Release */ = {
			isa = XCBuildConfiguration;
			buildSettings = {
				ALWAYS_SEARCH_USER_PATHS = NO;
				CLANG_ANALYZER_NONNULL = YES;
				CLANG_ANALYZER_NUMBER_OBJECT_CONVERSION = YES_AGGRESSIVE;
				CLANG_CXX_LANGUAGE_STANDARD = "gnu++14";
				CLANG_CXX_LIBRARY = "libc++";
				CLANG_ENABLE_MODULES = YES;
				CLANG_ENABLE_OBJC_ARC = YES;
				CLANG_ENABLE_OBJC_WEAK = YES;
				CLANG_WARN_BLOCK_CAPTURE_AUTORELEASING = YES;
				CLANG_WARN_BOOL_CONVERSION = YES;
				CLANG_WARN_COMMA = YES;
				CLANG_WARN_CONSTANT_CONVERSION = YES;
				CLANG_WARN_DEPRECATED_OBJC_IMPLEMENTATIONS = YES;
				CLANG_WARN_DIRECT_OBJC_ISA_USAGE = YES_ERROR;
				CLANG_WARN_DOCUMENTATION_COMMENTS = YES;
				CLANG_WARN_EMPTY_BODY = YES;
				CLANG_WARN_ENUM_CONVERSION = YES;
				CLANG_WARN_INFINITE_RECURSION = YES;
				CLANG_WARN_INT_CONVERSION = YES;
				CLANG_WARN_NON_LITERAL_NULL_CONVERSION = YES;
				CLANG_WARN_OBJC_IMPLICIT_RETAIN_SELF = YES;
				CLANG_WARN_OBJC_LITERAL_CONVERSION = YES;
				CLANG_WARN_OBJC_ROOT_CLASS = YES_ERROR;
				CLANG_WARN_RANGE_LOOP_ANALYSIS = YES;
				CLANG_WARN_STRICT_PROTOTYPES = YES;
				CLANG_WARN_SUSPICIOUS_MOVE = YES;
				CLANG_WARN_UNGUARDED_AVAILABILITY = YES_AGGRESSIVE;
				CLANG_WARN_UNREACHABLE_CODE = YES;
				CLANG_WARN__DUPLICATE_METHOD_MATCH = YES;
				CODE_SIGN_IDENTITY = "iPhone Developer";
				COPY_PHASE_STRIP = NO;
				DEBUG_INFORMATION_FORMAT = "dwarf-with-dsym";
				ENABLE_NS_ASSERTIONS = NO;
				ENABLE_STRICT_OBJC_MSGSEND = YES;
				GCC_C_LANGUAGE_STANDARD = gnu11;
				GCC_NO_COMMON_BLOCKS = YES;
				GCC_WARN_64_TO_32_BIT_CONVERSION = YES;
				GCC_WARN_ABOUT_RETURN_TYPE = YES_ERROR;
				GCC_WARN_UNDECLARED_SELECTOR = YES;
				GCC_WARN_UNINITIALIZED_AUTOS = YES_AGGRESSIVE;
				GCC_WARN_UNUSED_FUNCTION = YES;
				GCC_WARN_UNUSED_VARIABLE = YES;
				IPHONEOS_DEPLOYMENT_TARGET = 12.2;
				MTL_ENABLE_DEBUG_INFO = NO;
				MTL_FAST_MATH = YES;
				SDKROOT = iphoneos;
				SWIFT_COMPILATION_MODE = wholemodule;
				SWIFT_OPTIMIZATION_LEVEL = "-O";
				VALIDATE_PRODUCT = YES;
			};
			name = Release;
		};
		C326BE0922AC8A020034F145 /* Debug */ = {
			isa = XCBuildConfiguration;
			buildSettings = {
				ASSETCATALOG_COMPILER_APPICON_NAME = AppIcon;
				CODE_SIGN_STYLE = Automatic;
				DEVELOPMENT_TEAM = 5KG4F9A94D;
				INFOPLIST_FILE = UDDER/Info.plist;
				LD_RUNPATH_SEARCH_PATHS = (
					"$(inherited)",
					"@executable_path/Frameworks",
				);
				PRODUCT_BUNDLE_IDENTIFIER = None.UDDER;
				PRODUCT_NAME = "$(TARGET_NAME)";
				SWIFT_VERSION = 5.0;
				TARGETED_DEVICE_FAMILY = "1,2";
			};
			name = Debug;
		};
		C326BE0A22AC8A020034F145 /* Release */ = {
			isa = XCBuildConfiguration;
			buildSettings = {
				ASSETCATALOG_COMPILER_APPICON_NAME = AppIcon;
				CODE_SIGN_STYLE = Automatic;
				DEVELOPMENT_TEAM = 5KG4F9A94D;
				INFOPLIST_FILE = UDDER/Info.plist;
				LD_RUNPATH_SEARCH_PATHS = (
					"$(inherited)",
					"@executable_path/Frameworks",
				);
				PRODUCT_BUNDLE_IDENTIFIER = None.UDDER;
				PRODUCT_NAME = "$(TARGET_NAME)";
				SWIFT_VERSION = 5.0;
				TARGETED_DEVICE_FAMILY = "1,2";
			};
			name = Release;
		};
/* End XCBuildConfiguration section */

/* Begin XCConfigurationList section */
		C326BDEE22AC89FF0034F145 /* Build configuration list for PBXProject "UDDER" */ = {
			isa = XCConfigurationList;
			buildConfigurations = (
				C326BE0622AC8A020034F145 /* Debug */,
				C326BE0722AC8A020034F145 /* Release */,
			);
			defaultConfigurationIsVisible = 0;
			defaultConfigurationName = Release;
		};
		C326BE0822AC8A020034F145 /* Build configuration list for PBXNativeTarget "UDDER" */ = {
			isa = XCConfigurationList;
			buildConfigurations = (
				C326BE0922AC8A020034F145 /* Debug */,
				C326BE0A22AC8A020034F145 /* Release */,
			);
			defaultConfigurationIsVisible = 0;
			defaultConfigurationName = Release;
		};
/* End XCConfigurationList section */

/* Begin XCVersionGroup section */
		C326BDFD22AC89FF0034F145 /* UDDER.xcdatamodeld */ = {
			isa = XCVersionGroup;
			children = (
				C326BDFE22AC89FF0034F145 /* UDDER.xcdatamodel */,
			);
			currentVersion = C326BDFE22AC89FF0034F145 /* UDDER.xcdatamodel */;
			path = UDDER.xcdatamodeld;
			sourceTree = "<group>";
			versionGroupType = wrapper.xcdatamodel;
		};
/* End XCVersionGroup section */
	};
	rootObject = C326BDEB22AC89FF0034F145 /* Project object */;
}
